
Microsoft Visual Studio Solution File, Format Version 12.00
# Visual Studio Version 17
VisualStudioVersion = 17.3.32922.545
MinimumVisualStudioVersion = 10.0.40219.1
Project("{F184B08F-C81C-45F6-A57F-5ABD9991F28F}") = "3.Eniac.Entidades", "Eniac.Entidades\3.Eniac.Entidades.vbproj", "{4421DC4F-BA75-475E-AE8C-77A60697FD67}"
EndProject
Project("{F184B08F-C81C-45F6-A57F-5ABD9991F28F}") = "2.Eniac.Reglas", "Eniac.Reglas\2.Eniac.Reglas.vbproj", "{D26A06BB-1AFF-42F0-89E3-F81D9006CB0C}"
EndProject
Project("{F184B08F-C81C-45F6-A57F-5ABD9991F28F}") = "Eniac.SiGA.Win", "Eniac.SiGA.Win\Eniac.SiGA.Win.vbproj", "{6862E503-E169-486C-908A-01CB4A83E82F}"
	ProjectSection(ProjectDependencies) = postProject
		{8322A603-56AD-42DC-8AC3-A2B2EF8F483B} = {8322A603-56AD-42DC-8AC3-A2B2EF8F483B}
	EndProjectSection
EndProject
Project("{F184B08F-C81C-45F6-A57F-5ABD9991F28F}") = "6.Eniac.Win", "Eniac.Win\6.Eniac.Win.vbproj", "{381E3C95-0460-4CEA-A670-CF0E25B39047}"
EndProject
Project("{F184B08F-C81C-45F6-A57F-5ABD9991F28F}") = "000.Eniac.SqlServer", "Eniac.SqlServer\000.Eniac.SqlServer.vbproj", "{8322A603-56AD-42DC-8AC3-A2B2EF8F483B}"
EndProject
Project("{F184B08F-C81C-45F6-A57F-5ABD9991F28F}") = "Eniac.Diagnosticos", "Eniac.Diagnosticos\Eniac.Diagnosticos.vbproj", "{BB6F4883-A6D7-42EF-B246-B349F04C4CE6}"
EndProject
Project("{2150E333-8FDC-42A3-9474-1A3956D46DE8}") = "Solution Items", "Solution Items", "{4DA70100-31FE-43F0-978F-B59B062E0B3C}"
	ProjectSection(SolutionItems) = preProject
		.editorconfig = .editorconfig
	EndProjectSection
EndProject
Global
	GlobalSection(SolutionConfigurationPlatforms) = preSolution
		Debug_ConParametros|Any CPU = Debug_ConParametros|Any CPU
		Debug_ConParametros|x86 = Debug_ConParametros|x86
		Debug|Any CPU = Debug|Any CPU
		Debug|x86 = Debug|x86
		Release|Any CPU = Release|Any CPU
		Release|x86 = Release|x86
	EndGlobalSection
	GlobalSection(ProjectConfigurationPlatforms) = postSolution
		{4421DC4F-BA75-475E-AE8C-77A60697FD67}.Debug_ConParametros|Any CPU.ActiveCfg = Debug_ConParametros|Any CPU
		{4421DC4F-BA75-475E-AE8C-77A60697FD67}.Debug_ConParametros|Any CPU.Build.0 = Debug_ConParametros|Any CPU
		{4421DC4F-BA75-475E-AE8C-77A60697FD67}.Debug_ConParametros|x86.ActiveCfg = Debug_ConParametros|Any CPU
		{4421DC4F-BA75-475E-AE8C-77A60697FD67}.Debug_ConParametros|x86.Build.0 = Debug_ConParametros|Any CPU
		{4421DC4F-BA75-475E-AE8C-77A60697FD67}.Debug|Any CPU.ActiveCfg = Debug|Any CPU
		{4421DC4F-BA75-475E-AE8C-77A60697FD67}.Debug|Any CPU.Build.0 = Debug|Any CPU
		{4421DC4F-BA75-475E-AE8C-77A60697FD67}.Debug|x86.ActiveCfg = Debug|Any CPU
		{4421DC4F-BA75-475E-AE8C-77A60697FD67}.Release|Any CPU.ActiveCfg = Release|Any CPU
		{4421DC4F-BA75-475E-AE8C-77A60697FD67}.Release|Any CPU.Build.0 = Release|Any CPU
		{4421DC4F-BA75-475E-AE8C-77A60697FD67}.Release|x86.ActiveCfg = Release|Any CPU
		{D26A06BB-1AFF-42F0-89E3-F81D9006CB0C}.Debug_ConParametros|Any CPU.ActiveCfg = Debug_ConParametros|Any CPU
		{D26A06BB-1AFF-42F0-89E3-F81D9006CB0C}.Debug_ConParametros|Any CPU.Build.0 = Debug_ConParametros|Any CPU
		{D26A06BB-1AFF-42F0-89E3-F81D9006CB0C}.Debug_ConParametros|x86.ActiveCfg = Debug_ConParametros|Any CPU
		{D26A06BB-1AFF-42F0-89E3-F81D9006CB0C}.Debug_ConParametros|x86.Build.0 = Debug_ConParametros|Any CPU
		{D26A06BB-1AFF-42F0-89E3-F81D9006CB0C}.Debug|Any CPU.ActiveCfg = Debug|Any CPU
		{D26A06BB-1AFF-42F0-89E3-F81D9006CB0C}.Debug|Any CPU.Build.0 = Debug|Any CPU
		{D26A06BB-1AFF-42F0-89E3-F81D9006CB0C}.Debug|x86.ActiveCfg = Debug|Any CPU
		{D26A06BB-1AFF-42F0-89E3-F81D9006CB0C}.Release|Any CPU.ActiveCfg = Release|Any CPU
		{D26A06BB-1AFF-42F0-89E3-F81D9006CB0C}.Release|Any CPU.Build.0 = Release|Any CPU
		{D26A06BB-1AFF-42F0-89E3-F81D9006CB0C}.Release|x86.ActiveCfg = Release|Any CPU
		{6862E503-E169-486C-908A-01CB4A83E82F}.Debug_ConParametros|Any CPU.ActiveCfg = Debug_ConParametros|Any CPU
		{6862E503-E169-486C-908A-01CB4A83E82F}.Debug_ConParametros|Any CPU.Build.0 = Debug_ConParametros|Any CPU
		{6862E503-E169-486C-908A-01CB4A83E82F}.Debug_ConParametros|x86.ActiveCfg = Debug_ConParametros|Any CPU
		{6862E503-E169-486C-908A-01CB4A83E82F}.Debug_ConParametros|x86.Build.0 = Debug_ConParametros|Any CPU
		{6862E503-E169-486C-908A-01CB4A83E82F}.Debug|Any CPU.ActiveCfg = Debug|Any CPU
		{6862E503-E169-486C-908A-01CB4A83E82F}.Debug|Any CPU.Build.0 = Debug|Any CPU
		{6862E503-E169-486C-908A-01CB4A83E82F}.Debug|x86.ActiveCfg = Debug|Any CPU
		{6862E503-E169-486C-908A-01CB4A83E82F}.Release|Any CPU.ActiveCfg = Release|Any CPU
		{6862E503-E169-486C-908A-01CB4A83E82F}.Release|Any CPU.Build.0 = Release|Any CPU
		{6862E503-E169-486C-908A-01CB4A83E82F}.Release|x86.ActiveCfg = Release|Any CPU
		{381E3C95-0460-4CEA-A670-CF0E25B39047}.Debug_ConParametros|Any CPU.ActiveCfg = Debug_ConParametros|Any CPU
		{381E3C95-0460-4CEA-A670-CF0E25B39047}.Debug_ConParametros|Any CPU.Build.0 = Debug_ConParametros|Any CPU
		{381E3C95-0460-4CEA-A670-CF0E25B39047}.Debug_ConParametros|x86.ActiveCfg = Debug_ConParametros|Any CPU
		{381E3C95-0460-4CEA-A670-CF0E25B39047}.Debug_ConParametros|x86.Build.0 = Debug_ConParametros|Any CPU
		{381E3C95-0460-4CEA-A670-CF0E25B39047}.Debug|Any CPU.ActiveCfg = Debug|Any CPU
		{381E3C95-0460-4CEA-A670-CF0E25B39047}.Debug|Any CPU.Build.0 = Debug|Any CPU
		{381E3C95-0460-4CEA-A670-CF0E25B39047}.Debug|x86.ActiveCfg = Debug|Any CPU
		{381E3C95-0460-4CEA-A670-CF0E25B39047}.Release|Any CPU.ActiveCfg = Release|Any CPU
		{381E3C95-0460-4CEA-A670-CF0E25B39047}.Release|Any CPU.Build.0 = Release|Any CPU
		{381E3C95-0460-4CEA-A670-CF0E25B39047}.Release|x86.ActiveCfg = Release|Any CPU
		{8322A603-56AD-42DC-8AC3-A2B2EF8F483B}.Debug_ConParametros|Any CPU.ActiveCfg = Debug_ConParametros|Any CPU
		{8322A603-56AD-42DC-8AC3-A2B2EF8F483B}.Debug_ConParametros|Any CPU.Build.0 = Debug_ConParametros|Any CPU
		{8322A603-56AD-42DC-8AC3-A2B2EF8F483B}.Debug_ConParametros|x86.ActiveCfg = Debug_ConParametros|Any CPU
		{8322A603-56AD-42DC-8AC3-A2B2EF8F483B}.Debug_ConParametros|x86.Build.0 = Debug_ConParametros|Any CPU
		{8322A603-56AD-42DC-8AC3-A2B2EF8F483B}.Debug|Any CPU.ActiveCfg = Debug|Any CPU
		{8322A603-56AD-42DC-8AC3-A2B2EF8F483B}.Debug|Any CPU.Build.0 = Debug|Any CPU
		{8322A603-56AD-42DC-8AC3-A2B2EF8F483B}.Debug|x86.ActiveCfg = Debug|Any CPU
		{8322A603-56AD-42DC-8AC3-A2B2EF8F483B}.Release|Any CPU.ActiveCfg = Release|Any CPU
		{8322A603-56AD-42DC-8AC3-A2B2EF8F483B}.Release|Any CPU.Build.0 = Release|Any CPU
		{8322A603-56AD-42DC-8AC3-A2B2EF8F483B}.Release|x86.ActiveCfg = Release|Any CPU
		{BB6F4883-A6D7-42EF-B246-B349F04C4CE6}.Debug_ConParametros|Any CPU.ActiveCfg = Debug_ConParametros|Any CPU
		{BB6F4883-A6D7-42EF-B246-B349F04C4CE6}.Debug_ConParametros|Any CPU.Build.0 = Debug_ConParametros|Any CPU
		{BB6F4883-A6D7-42EF-B246-B349F04C4CE6}.Debug_ConParametros|x86.ActiveCfg = Debug_ConParametros|x86
		{BB6F4883-A6D7-42EF-B246-B349F04C4CE6}.Debug_ConParametros|x86.Build.0 = Debug_ConParametros|x86
		{BB6F4883-A6D7-42EF-B246-B349F04C4CE6}.Debug|Any CPU.ActiveCfg = Debug|Any CPU
		{BB6F4883-A6D7-42EF-B246-B349F04C4CE6}.Debug|Any CPU.Build.0 = Debug|Any CPU
		{BB6F4883-A6D7-42EF-B246-B349F04C4CE6}.Debug|x86.ActiveCfg = Debug|x86
		{BB6F4883-A6D7-42EF-B246-B349F04C4CE6}.Debug|x86.Build.0 = Debug|x86
		{BB6F4883-A6D7-42EF-B246-B349F04C4CE6}.Release|Any CPU.ActiveCfg = Release|Any CPU
		{BB6F4883-A6D7-42EF-B246-B349F04C4CE6}.Release|Any CPU.Build.0 = Release|Any CPU
		{BB6F4883-A6D7-42EF-B246-B349F04C4CE6}.Release|x86.ActiveCfg = Release|x86
		{BB6F4883-A6D7-42EF-B246-B349F04C4CE6}.Release|x86.Build.0 = Release|x86
	EndGlobalSection
	GlobalSection(SolutionProperties) = preSolution
		HideSolutionNode = FALSE
	EndGlobalSection
	GlobalSection(ExtensibilityGlobals) = postSolution
		SolutionGuid = {AFDFC695-979C-4FA9-B5BE-4CD31AD0D611}
	EndGlobalSection
	GlobalSection(SubversionScc) = preSolution
		Svn-Managed = True
		Manager = AnkhSVN - Subversion Support for Visual Studio
	EndGlobalSection
EndGlobal
